
Microsoft Visual Studio Solution File, Format Version 12.00
# Visual Studio Version 17
VisualStudioVersion = 17.5.33627.172
MinimumVisualStudioVersion = 10.0.40219.1
Project("{FAE04EC0-301F-11D3-BF4B-00C04F79EFBC}") = "ZuvaConnectorV1", "ZuvaConnectorV1\ZuvaConnectorV1.csproj", "{131BC7B0-C448-4D0B-AE7D-AF8B1AC3B7E8}"
EndProject
Project("{FAE04EC0-301F-11D3-BF4B-00C04F79EFBC}") = "ZuvaUnitTestProject", "ZuvaUnitTestProject\ZuvaUnitTestProject.csproj", "{F0B98C8D-0192-4DB0-BAA7-2EDB5E4EF6ED}"
EndProject
Global
	GlobalSection(SolutionConfigurationPlatforms) = preSolution
		Debug|Any CPU = Debug|Any CPU
		Release|Any CPU = Release|Any CPU
	EndGlobalSection
	GlobalSection(ProjectConfigurationPlatforms) = postSolution
		{131BC7B0-C448-4D0B-AE7D-AF8B1AC3B7E8}.Debug|Any CPU.ActiveCfg = Debug|Any CPU
		{131BC7B0-C448-4D0B-AE7D-AF8B1AC3B7E8}.Debug|Any CPU.Build.0 = Debug|Any CPU
		{131BC7B0-C448-4D0B-AE7D-AF8B1AC3B7E8}.Release|Any CPU.ActiveCfg = Release|Any CPU
		{131BC7B0-C448-4D0B-AE7D-AF8B1AC3B7E8}.Release|Any CPU.Build.0 = Release|Any CPU
		{F0B98C8D-0192-4DB0-BAA7-2EDB5E4EF6ED}.Debug|Any CPU.ActiveCfg = Debug|Any CPU
		{F0B98C8D-0192-4DB0-BAA7-2EDB5E4EF6ED}.Debug|Any CPU.Build.0 = Debug|Any CPU
		{F0B98C8D-0192-4DB0-BAA7-2EDB5E4EF6ED}.Release|Any CPU.ActiveCfg = Release|Any CPU
		{F0B98C8D-0192-4DB0-BAA7-2EDB5E4EF6ED}.Release|Any CPU.Build.0 = Release|Any CPU
	EndGlobalSection
	GlobalSection(SolutionProperties) = preSolution
		HideSolutionNode = FALSE
	EndGlobalSection
	GlobalSection(ExtensibilityGlobals) = postSolution
		SolutionGuid = {DD668861-BFE5-42FB-A265-3CE8397A4366}
	EndGlobalSection
EndGlobal
